{ "name": "defense-dashboard", "version": "1.0.0", "lockfileVersion": 2, "requires": true, "packages": { "": { "name": "defense-dashboard", "version": "1.0.0", "engines": { "node": "^14.0.0 || ^16.0.0" }, "devDependencies": { "date-fns": "^3.6.0" }, "engines": { "node": ">=14.0.0" } }, "node_modules/date-fns": { "version": "3.6.0", "resolved": "https://registry.npmjs.org/date-fns/-/date-fns-3.6.0.tgz", "integrity": "sha512-x9Sr20C+38Oo2fP36chLBP1c5qteQ8uoUW6QjEaK0hC+FhQtfUu2BIOIHstN0zoaUhI7+cvkSw8AimZWstxAKA==", "engines": { "node": ">=14.0.0" } } }, "dependencies": { "date-fns": "^3.6.0" }}