{"name":"defense-dashboard","version":"1.0.0","lockfileVersion":1,"requires":{"node":">=12.0.0"},"dependencies":{"date-fns":{"version":"^2.23.0","resolved":"https://registry.npmjs.org/date-fns/-/date-fns-2.23.0.tgz","integrity":"sha512-j4Y6wBRsx5CpRxbkssGVO7qvqFpMg0Wbl8KgoQFyzx9r/YICVChFh6hKS+qPDIivq9lWsemvfE22ZroYammsgQ=="}},"engines":{"node":">=12.0.0"},"peerDependencies":{}}